// !$*UTF8*$!
{
	archiveVersion = 1;
	classes = {
	};
	objectVersion = 50;
	objects = {

/* Begin PBXBuildFile section */
		8429102C26A9D567007E8BF0 /* SignUpBaseViewController.swift in Sources */ = {isa = PBXBuildFile; fileRef = 8429102B26A9D567007E8BF0 /* SignUpBaseViewController.swift */; };
		84796D3026A5B06900B2BB18 /* DateOfBirthViewController.swift in Sources */ = {isa = PBXBuildFile; fileRef = 84796D2E26A5B06900B2BB18 /* DateOfBirthViewController.swift */; };
		84796D3126A5B06900B2BB18 /* DateOfBirthViewController.xib in Resources */ = {isa = PBXBuildFile; fileRef = 84796D2F26A5B06900B2BB18 /* DateOfBirthViewController.xib */; };
		84796D3326A5B3BC00B2BB18 /* SignUpVCFactory.swift in Sources */ = {isa = PBXBuildFile; fileRef = 84796D3226A5B3BC00B2BB18 /* SignUpVCFactory.swift */; };
		84796D3526A769A900B2BB18 /* MainViewModel.swift in Sources */ = {isa = PBXBuildFile; fileRef = 84796D3426A769A900B2BB18 /* MainViewModel.swift */; };
		848D803D26A1A8C900D72ABE /* SignUpDataManager.swift in Sources */ = {isa = PBXBuildFile; fileRef = 848D803C26A1A8C900D72ABE /* SignUpDataManager.swift */; };
		84B3B38B269387CF00B46D05 /* AppDelegate.swift in Sources */ = {isa = PBXBuildFile; fileRef = 84B3B38A269387CF00B46D05 /* AppDelegate.swift */; };
		84B3B38F269387CF00B46D05 /* MainViewController.swift in Sources */ = {isa = PBXBuildFile; fileRef = 84B3B38E269387CF00B46D05 /* MainViewController.swift */; };
		84B3B392269387CF00B46D05 /* Main.storyboard in Resources */ = {isa = PBXBuildFile; fileRef = 84B3B390269387CF00B46D05 /* Main.storyboard */; };
		84B3B394269387D000B46D05 /* Assets.xcassets in Resources */ = {isa = PBXBuildFile; fileRef = 84B3B393269387D000B46D05 /* Assets.xcassets */; };
		84B3B397269387D000B46D05 /* LaunchScreen.storyboard in Resources */ = {isa = PBXBuildFile; fileRef = 84B3B395269387D000B46D05 /* LaunchScreen.storyboard */; };
		84B3B39F269387FD00B46D05 /* SignUpFlowCoordinator.swift in Sources */ = {isa = PBXBuildFile; fileRef = 84B3B39E269387FD00B46D05 /* SignUpFlowCoordinator.swift */; };
		84B3B3A12693896100B46D05 /* FlowCoordinatorFactory.swift in Sources */ = {isa = PBXBuildFile; fileRef = 84B3B3A02693896100B46D05 /* FlowCoordinatorFactory.swift */; };
		84E2D030269DB3F300AFB6BA /* User.swift in Sources */ = {isa = PBXBuildFile; fileRef = 84E2D02F269DB3F300AFB6BA /* User.swift */; };
		84E2D03D269DD75500AFB6BA /* NameSignUpViewController.swift in Sources */ = {isa = PBXBuildFile; fileRef = 84E2D03B269DD75500AFB6BA /* NameSignUpViewController.swift */; };
		84E2D03E269DD75500AFB6BA /* NameSignUpViewController.xib in Resources */ = {isa = PBXBuildFile; fileRef = 84E2D03C269DD75500AFB6BA /* NameSignUpViewController.xib */; };
		84E2D041269DD88800AFB6BA /* SurnameSignUpViewController.swift in Sources */ = {isa = PBXBuildFile; fileRef = 84E2D03F269DD88800AFB6BA /* SurnameSignUpViewController.swift */; };
		84E2D042269DD88800AFB6BA /* SurnameSignUpViewController.xib in Resources */ = {isa = PBXBuildFile; fileRef = 84E2D040269DD88800AFB6BA /* SurnameSignUpViewController.xib */; };
/* End PBXBuildFile section */

/* Begin PBXFileReference section */
		8429102B26A9D567007E8BF0 /* SignUpBaseViewController.swift */ = {isa = PBXFileReference; lastKnownFileType = sourcecode.swift; path = SignUpBaseViewController.swift; sourceTree = "<group>"; };
		84796D2E26A5B06900B2BB18 /* DateOfBirthViewController.swift */ = {isa = PBXFileReference; lastKnownFileType = sourcecode.swift; path = DateOfBirthViewController.swift; sourceTree = "<group>"; };
		84796D2F26A5B06900B2BB18 /* DateOfBirthViewController.xib */ = {isa = PBXFileReference; lastKnownFileType = file.xib; path = DateOfBirthViewController.xib; sourceTree = "<group>"; };
		84796D3226A5B3BC00B2BB18 /* SignUpVCFactory.swift */ = {isa = PBXFileReference; lastKnownFileType = sourcecode.swift; path = SignUpVCFactory.swift; sourceTree = "<group>"; };
		84796D3426A769A900B2BB18 /* MainViewModel.swift */ = {isa = PBXFileReference; lastKnownFileType = sourcecode.swift; path = MainViewModel.swift; sourceTree = "<group>"; };
		848D803C26A1A8C900D72ABE /* SignUpDataManager.swift */ = {isa = PBXFileReference; lastKnownFileType = sourcecode.swift; path = SignUpDataManager.swift; sourceTree = "<group>"; };
		84B3B387269387CF00B46D05 /* FlowCoordinatorTest.app */ = {isa = PBXFileReference; explicitFileType = wrapper.application; includeInIndex = 0; path = FlowCoordinatorTest.app; sourceTree = BUILT_PRODUCTS_DIR; };
		84B3B38A269387CF00B46D05 /* AppDelegate.swift */ = {isa = PBXFileReference; lastKnownFileType = sourcecode.swift; path = AppDelegate.swift; sourceTree = "<group>"; };
		84B3B38E269387CF00B46D05 /* MainViewController.swift */ = {isa = PBXFileReference; lastKnownFileType = sourcecode.swift; path = MainViewController.swift; sourceTree = "<group>"; };
		84B3B391269387CF00B46D05 /* Base */ = {isa = PBXFileReference; lastKnownFileType = file.storyboard; name = Base; path = Base.lproj/Main.storyboard; sourceTree = "<group>"; };
		84B3B393269387D000B46D05 /* Assets.xcassets */ = {isa = PBXFileReference; lastKnownFileType = folder.assetcatalog; path = Assets.xcassets; sourceTree = "<group>"; };
		84B3B396269387D000B46D05 /* Base */ = {isa = PBXFileReference; lastKnownFileType = file.storyboard; name = Base; path = Base.lproj/LaunchScreen.storyboard; sourceTree = "<group>"; };
		84B3B398269387D000B46D05 /* Info.plist */ = {isa = PBXFileReference; lastKnownFileType = text.plist.xml; path = Info.plist; sourceTree = "<group>"; };
		84B3B39E269387FD00B46D05 /* SignUpFlowCoordinator.swift */ = {isa = PBXFileReference; lastKnownFileType = sourcecode.swift; path = SignUpFlowCoordinator.swift; sourceTree = "<group>"; };
		84B3B3A02693896100B46D05 /* FlowCoordinatorFactory.swift */ = {isa = PBXFileReference; lastKnownFileType = sourcecode.swift; path = FlowCoordinatorFactory.swift; sourceTree = "<group>"; };
		84E2D02F269DB3F300AFB6BA /* User.swift */ = {isa = PBXFileReference; lastKnownFileType = sourcecode.swift; path = User.swift; sourceTree = "<group>"; };
		84E2D03B269DD75500AFB6BA /* NameSignUpViewController.swift */ = {isa = PBXFileReference; lastKnownFileType = sourcecode.swift; path = NameSignUpViewController.swift; sourceTree = "<group>"; };
		84E2D03C269DD75500AFB6BA /* NameSignUpViewController.xib */ = {isa = PBXFileReference; lastKnownFileType = file.xib; path = NameSignUpViewController.xib; sourceTree = "<group>"; };
		84E2D03F269DD88800AFB6BA /* SurnameSignUpViewController.swift */ = {isa = PBXFileReference; lastKnownFileType = sourcecode.swift; path = SurnameSignUpViewController.swift; sourceTree = "<group>"; };
		84E2D040269DD88800AFB6BA /* SurnameSignUpViewController.xib */ = {isa = PBXFileReference; lastKnownFileType = file.xib; path = SurnameSignUpViewController.xib; sourceTree = "<group>"; };
/* End PBXFileReference section */

/* Begin PBXFrameworksBuildPhase section */
		84B3B384269387CF00B46D05 /* Frameworks */ = {
			isa = PBXFrameworksBuildPhase;
			buildActionMask = 2147483647;
			files = (
			);
			runOnlyForDeploymentPostprocessing = 0;
		};
/* End PBXFrameworksBuildPhase section */

/* Begin PBXGroup section */
		8429102926A9C06C007E8BF0 /* ViewControllers */ = {
			isa = PBXGroup;
			children = (
				84E2D03B269DD75500AFB6BA /* NameSignUpViewController.swift */,
				84E2D03C269DD75500AFB6BA /* NameSignUpViewController.xib */,
				84E2D03F269DD88800AFB6BA /* SurnameSignUpViewController.swift */,
				84E2D040269DD88800AFB6BA /* SurnameSignUpViewController.xib */,
				84796D2E26A5B06900B2BB18 /* DateOfBirthViewController.swift */,
				84796D2F26A5B06900B2BB18 /* DateOfBirthViewController.xib */,
				8429102B26A9D567007E8BF0 /* SignUpBaseViewController.swift */,
			);
			path = ViewControllers;
			sourceTree = "<group>";
		};
		8429102A26A9C0F7007E8BF0 /* FlowCoordinator */ = {
			isa = PBXGroup;
			children = (
				84B3B39E269387FD00B46D05 /* SignUpFlowCoordinator.swift */,
				848D803C26A1A8C900D72ABE /* SignUpDataManager.swift */,
				84796D3226A5B3BC00B2BB18 /* SignUpVCFactory.swift */,
			);
			path = FlowCoordinator;
			sourceTree = "<group>";
		};
		84B3B37E269387CF00B46D05 = {
			isa = PBXGroup;
			children = (
				84B3B389269387CF00B46D05 /* FlowCoordinatorTest */,
				84B3B388269387CF00B46D05 /* Products */,
			);
			sourceTree = "<group>";
		};
		84B3B388269387CF00B46D05 /* Products */ = {
			isa = PBXGroup;
			children = (
				84B3B387269387CF00B46D05 /* FlowCoordinatorTest.app */,
			);
			name = Products;
			sourceTree = "<group>";
		};
		84B3B389269387CF00B46D05 /* FlowCoordinatorTest */ = {
			isa = PBXGroup;
			children = (
				84E2D034269DD66A00AFB6BA /* Coordinator */,
				84E2D036269DD6C500AFB6BA /* SignUp */,
				84E2D035269DD68F00AFB6BA /* App */,
				84E2D033269DD65300AFB6BA /* MainViewControllers */,
				84E2D02E269DB3E400AFB6BA /* Model */,
				84B3B398269387D000B46D05 /* Info.plist */,
			);
			path = FlowCoordinatorTest;
			sourceTree = "<group>";
		};
		84E2D02E269DB3E400AFB6BA /* Model */ = {
			isa = PBXGroup;
			children = (
				84E2D02F269DB3F300AFB6BA /* User.swift */,
			);
			path = Model;
			sourceTree = "<group>";
		};
		84E2D033269DD65300AFB6BA /* MainViewControllers */ = {
			isa = PBXGroup;
			children = (
				84B3B38E269387CF00B46D05 /* MainViewController.swift */,
				84796D3426A769A900B2BB18 /* MainViewModel.swift */,
			);
			path = MainViewControllers;
			sourceTree = "<group>";
		};
		84E2D034269DD66A00AFB6BA /* Coordinator */ = {
			isa = PBXGroup;
			children = (
				84B3B3A02693896100B46D05 /* FlowCoordinatorFactory.swift */,
			);
			path = Coordinator;
			sourceTree = "<group>";
		};
		84E2D035269DD68F00AFB6BA /* App */ = {
			isa = PBXGroup;
			children = (
				84B3B38A269387CF00B46D05 /* AppDelegate.swift */,
				84B3B390269387CF00B46D05 /* Main.storyboard */,
				84B3B393269387D000B46D05 /* Assets.xcassets */,
				84B3B395269387D000B46D05 /* LaunchScreen.storyboard */,
			);
			path = App;
			sourceTree = "<group>";
		};
		84E2D036269DD6C500AFB6BA /* SignUp */ = {
			isa = PBXGroup;
			children = (
				8429102A26A9C0F7007E8BF0 /* FlowCoordinator */,
				8429102926A9C06C007E8BF0 /* ViewControllers */,
			);
			path = SignUp;
			sourceTree = "<group>";
		};
/* End PBXGroup section */

/* Begin PBXNativeTarget section */
		84B3B386269387CF00B46D05 /* FlowCoordinatorTest */ = {
			isa = PBXNativeTarget;
			buildConfigurationList = 84B3B39B269387D000B46D05 /* Build configuration list for PBXNativeTarget "FlowCoordinatorTest" */;
			buildPhases = (
				84B3B383269387CF00B46D05 /* Sources */,
				84B3B384269387CF00B46D05 /* Frameworks */,
				84B3B385269387CF00B46D05 /* Resources */,
			);
			buildRules = (
			);
			dependencies = (
			);
			name = FlowCoordinatorTest;
			productName = FlowCoordinatorTest;
			productReference = 84B3B387269387CF00B46D05 /* FlowCoordinatorTest.app */;
			productType = "com.apple.product-type.application";
		};
/* End PBXNativeTarget section */

/* Begin PBXProject section */
		84B3B37F269387CF00B46D05 /* Project object */ = {
			isa = PBXProject;
			attributes = {
				LastSwiftUpdateCheck = 1250;
				LastUpgradeCheck = 1250;
				TargetAttributes = {
					84B3B386269387CF00B46D05 = {
						CreatedOnToolsVersion = 12.5.1;
					};
				};
			};
			buildConfigurationList = 84B3B382269387CF00B46D05 /* Build configuration list for PBXProject "FlowCoordinatorTest" */;
			compatibilityVersion = "Xcode 9.3";
			developmentRegion = en;
			hasScannedForEncodings = 0;
			knownRegions = (
				en,
				Base,
			);
			mainGroup = 84B3B37E269387CF00B46D05;
			productRefGroup = 84B3B388269387CF00B46D05 /* Products */;
			projectDirPath = "";
			projectRoot = "";
			targets = (
				84B3B386269387CF00B46D05 /* FlowCoordinatorTest */,
			);
		};
/* End PBXProject section */

/* Begin PBXResourcesBuildPhase section */
		84B3B385269387CF00B46D05 /* Resources */ = {
			isa = PBXResourcesBuildPhase;
			buildActionMask = 2147483647;
			files = (
				84B3B397269387D000B46D05 /* LaunchScreen.storyboard in Resources */,
				84B3B394269387D000B46D05 /* Assets.xcassets in Resources */,
				84E2D03E269DD75500AFB6BA /* NameSignUpViewController.xib in Resources */,
				84E2D042269DD88800AFB6BA /* SurnameSignUpViewController.xib in Resources */,
				84B3B392269387CF00B46D05 /* Main.storyboard in Resources */,
				84796D3126A5B06900B2BB18 /* DateOfBirthViewController.xib in Resources */,
			);
			runOnlyForDeploymentPostprocessing = 0;
		};
/* End PBXResourcesBuildPhase section */

/* Begin PBXSourcesBuildPhase section */
		84B3B383269387CF00B46D05 /* Sources */ = {
			isa = PBXSourcesBuildPhase;
			buildActionMask = 2147483647;
			files = (
				84E2D03D269DD75500AFB6BA /* NameSignUpViewController.swift in Sources */,
				84796D3326A5B3BC00B2BB18 /* SignUpVCFactory.swift in Sources */,
				84B3B38F269387CF00B46D05 /* MainViewController.swift in Sources */,
				84B3B38B269387CF00B46D05 /* AppDelegate.swift in Sources */,
				84B3B39F269387FD00B46D05 /* SignUpFlowCoordinator.swift in Sources */,
				84E2D030269DB3F300AFB6BA /* User.swift in Sources */,
				84B3B3A12693896100B46D05 /* FlowCoordinatorFactory.swift in Sources */,
				848D803D26A1A8C900D72ABE /* SignUpDataManager.swift in Sources */,
				84796D3026A5B06900B2BB18 /* DateOfBirthViewController.swift in Sources */,
				8429102C26A9D567007E8BF0 /* SignUpBaseViewController.swift in Sources */,
				84E2D041269DD88800AFB6BA /* SurnameSignUpViewController.swift in Sources */,
				84796D3526A769A900B2BB18 /* MainViewModel.swift in Sources */,
			);
			runOnlyForDeploymentPostprocessing = 0;
		};
/* End PBXSourcesBuildPhase section */

/* Begin PBXVariantGroup section */
		84B3B390269387CF00B46D05 /* Main.storyboard */ = {
			isa = PBXVariantGroup;
			children = (
				84B3B391269387CF00B46D05 /* Base */,
			);
			name = Main.storyboard;
			sourceTree = "<group>";
		};
		84B3B395269387D000B46D05 /* LaunchScreen.storyboard */ = {
			isa = PBXVariantGroup;
			children = (
				84B3B396269387D000B46D05 /* Base */,
			);
			name = LaunchScreen.storyboard;
			sourceTree = "<group>";
		};
/* End PBXVariantGroup section */

/* Begin XCBuildConfiguration section */
		84B3B399269387D000B46D05 /* Debug */ = {
			isa = XCBuildConfiguration;
			buildSettings = {
				ALWAYS_SEARCH_USER_PATHS = NO;
				CLANG_ANALYZER_NONNULL = YES;
				CLANG_ANALYZER_NUMBER_OBJECT_CONVERSION = YES_AGGRESSIVE;
				CLANG_CXX_LANGUAGE_STANDARD = "gnu++14";
				CLANG_CXX_LIBRARY = "libc++";
				CLANG_ENABLE_MODULES = YES;
				CLANG_ENABLE_OBJC_ARC = YES;
				CLANG_ENABLE_OBJC_WEAK = YES;
				CLANG_WARN_BLOCK_CAPTURE_AUTORELEASING = YES;
				CLANG_WARN_BOOL_CONVERSION = YES;
				CLANG_WARN_COMMA = YES;
				CLANG_WARN_CONSTANT_CONVERSION = YES;
				CLANG_WARN_DEPRECATED_OBJC_IMPLEMENTATIONS = YES;
				CLANG_WARN_DIRECT_OBJC_ISA_USAGE = YES_ERROR;
				CLANG_WARN_DOCUMENTATION_COMMENTS = YES;
				CLANG_WARN_EMPTY_BODY = YES;
				CLANG_WARN_ENUM_CONVERSION = YES;
				CLANG_WARN_INFINITE_RECURSION = YES;
				CLANG_WARN_INT_CONVERSION = YES;
				CLANG_WARN_NON_LITERAL_NULL_CONVERSION = YES;
				CLANG_WARN_OBJC_IMPLICIT_RETAIN_SELF = YES;
				CLANG_WARN_OBJC_LITERAL_CONVERSION = YES;
				CLANG_WARN_OBJC_ROOT_CLASS = YES_ERROR;
				CLANG_WARN_QUOTED_INCLUDE_IN_FRAMEWORK_HEADER = YES;
				CLANG_WARN_RANGE_LOOP_ANALYSIS = YES;
				CLANG_WARN_STRICT_PROTOTYPES = YES;
				CLANG_WARN_SUSPICIOUS_MOVE = YES;
				CLANG_WARN_UNGUARDED_AVAILABILITY = YES_AGGRESSIVE;
				CLANG_WARN_UNREACHABLE_CODE = YES;
				CLANG_WARN__DUPLICATE_METHOD_MATCH = YES;
				COPY_PHASE_STRIP = NO;
				DEBUG_INFORMATION_FORMAT = dwarf;
				ENABLE_STRICT_OBJC_MSGSEND = YES;
				ENABLE_TESTABILITY = YES;
				GCC_C_LANGUAGE_STANDARD = gnu11;
				GCC_DYNAMIC_NO_PIC = NO;
				GCC_NO_COMMON_BLOCKS = YES;
				GCC_OPTIMIZATION_LEVEL = 0;
				GCC_PREPROCESSOR_DEFINITIONS = (
					"DEBUG=1",
					"$(inherited)",
				);
				GCC_WARN_64_TO_32_BIT_CONVERSION = YES;
				GCC_WARN_ABOUT_RETURN_TYPE = YES_ERROR;
				GCC_WARN_UNDECLARED_SELECTOR = YES;
				GCC_WARN_UNINITIALIZED_AUTOS = YES_AGGRESSIVE;
				GCC_WARN_UNUSED_FUNCTION = YES;
				GCC_WARN_UNUSED_VARIABLE = YES;
				IPHONEOS_DEPLOYMENT_TARGET = 14.5;
				MTL_ENABLE_DEBUG_INFO = INCLUDE_SOURCE;
				MTL_FAST_MATH = YES;
				ONLY_ACTIVE_ARCH = YES;
				SDKROOT = iphoneos;
				SWIFT_ACTIVE_COMPILATION_CONDITIONS = DEBUG;
				SWIFT_OPTIMIZATION_LEVEL = "-Onone";
			};
			name = Debug;
		};
		84B3B39A269387D000B46D05 /* Release */ = {
			isa = XCBuildConfiguration;
			buildSettings = {
				ALWAYS_SEARCH_USER_PATHS = NO;
				CLANG_ANALYZER_NONNULL = YES;
				CLANG_ANALYZER_NUMBER_OBJECT_CONVERSION = YES_AGGRESSIVE;
				CLANG_CXX_LANGUAGE_STANDARD = "gnu++14";
				CLANG_CXX_LIBRARY = "libc++";
				CLANG_ENABLE_MODULES = YES;
				CLANG_ENABLE_OBJC_ARC = YES;
				CLANG_ENABLE_OBJC_WEAK = YES;
				CLANG_WARN_BLOCK_CAPTURE_AUTORELEASING = YES;
				CLANG_WARN_BOOL_CONVERSION = YES;
				CLANG_WARN_COMMA = YES;
				CLANG_WARN_CONSTANT_CONVERSION = YES;
				CLANG_WARN_DEPRECATED_OBJC_IMPLEMENTATIONS = YES;
				CLANG_WARN_DIRECT_OBJC_ISA_USAGE = YES_ERROR;
				CLANG_WARN_DOCUMENTATION_COMMENTS = YES;
				CLANG_WARN_EMPTY_BODY = YES;
				CLANG_WARN_ENUM_CONVERSION = YES;
				CLANG_WARN_INFINITE_RECURSION = YES;
				CLANG_WARN_INT_CONVERSION = YES;
				CLANG_WARN_NON_LITERAL_NULL_CONVERSION = YES;
				CLANG_WARN_OBJC_IMPLICIT_RETAIN_SELF = YES;
				CLANG_WARN_OBJC_LITERAL_CONVERSION = YES;
				CLANG_WARN_OBJC_ROOT_CLASS = YES_ERROR;
				CLANG_WARN_QUOTED_INCLUDE_IN_FRAMEWORK_HEADER = YES;
				CLANG_WARN_RANGE_LOOP_ANALYSIS = YES;
				CLANG_WARN_STRICT_PROTOTYPES = YES;
				CLANG_WARN_SUSPICIOUS_MOVE = YES;
				CLANG_WARN_UNGUARDED_AVAILABILITY = YES_AGGRESSIVE;
				CLANG_WARN_UNREACHABLE_CODE = YES;
				CLANG_WARN__DUPLICATE_METHOD_MATCH = YES;
				COPY_PHASE_STRIP = NO;
				DEBUG_INFORMATION_FORMAT = "dwarf-with-dsym";
				ENABLE_NS_ASSERTIONS = NO;
				ENABLE_STRICT_OBJC_MSGSEND = YES;
				GCC_C_LANGUAGE_STANDARD = gnu11;
				GCC_NO_COMMON_BLOCKS = YES;
				GCC_WARN_64_TO_32_BIT_CONVERSION = YES;
				GCC_WARN_ABOUT_RETURN_TYPE = YES_ERROR;
				GCC_WARN_UNDECLARED_SELECTOR = YES;
				GCC_WARN_UNINITIALIZED_AUTOS = YES_AGGRESSIVE;
				GCC_WARN_UNUSED_FUNCTION = YES;
				GCC_WARN_UNUSED_VARIABLE = YES;
				IPHONEOS_DEPLOYMENT_TARGET = 14.5;
				MTL_ENABLE_DEBUG_INFO = NO;
				MTL_FAST_MATH = YES;
				SDKROOT = iphoneos;
				SWIFT_COMPILATION_MODE = wholemodule;
				SWIFT_OPTIMIZATION_LEVEL = "-O";
				VALIDATE_PRODUCT = YES;
			};
			name = Release;
		};
		84B3B39C269387D000B46D05 /* Debug */ = {
			isa = XCBuildConfiguration;
			buildSettings = {
				ASSETCATALOG_COMPILER_APPICON_NAME = AppIcon;
				ASSETCATALOG_COMPILER_GLOBAL_ACCENT_COLOR_NAME = AccentColor;
				CODE_SIGN_STYLE = Automatic;
				DEVELOPMENT_TEAM = K7RLSSQX39;
				INFOPLIST_FILE = FlowCoordinatorTest/Info.plist;
				LD_RUNPATH_SEARCH_PATHS = (
					"$(inherited)",
					"@executable_path/Frameworks",
				);
				PRODUCT_BUNDLE_IDENTIFIER = lol.FlowCoordinatorTest;
				PRODUCT_NAME = "$(TARGET_NAME)";
				SWIFT_VERSION = 5.0;
				TARGETED_DEVICE_FAMILY = "1,2";
			};
			name = Debug;
		};
		84B3B39D269387D000B46D05 /* Release */ = {
			isa = XCBuildConfiguration;
			buildSettings = {
				ASSETCATALOG_COMPILER_APPICON_NAME = AppIcon;
				ASSETCATALOG_COMPILER_GLOBAL_ACCENT_COLOR_NAME = AccentColor;
				CODE_SIGN_STYLE = Automatic;
				DEVELOPMENT_TEAM = K7RLSSQX39;
				INFOPLIST_FILE = FlowCoordinatorTest/Info.plist;
				LD_RUNPATH_SEARCH_PATHS = (
					"$(inherited)",
					"@executable_path/Frameworks",
				);
				PRODUCT_BUNDLE_IDENTIFIER = lol.FlowCoordinatorTest;
				PRODUCT_NAME = "$(TARGET_NAME)";
				SWIFT_VERSION = 5.0;
				TARGETED_DEVICE_FAMILY = "1,2";
			};
			name = Release;
		};
/* End XCBuildConfiguration section */

/* Begin XCConfigurationList section */
		84B3B382269387CF00B46D05 /* Build configuration list for PBXProject "FlowCoordinatorTest" */ = {
			isa = XCConfigurationList;
			buildConfigurations = (
				84B3B399269387D000B46D05 /* Debug */,
				84B3B39A269387D000B46D05 /* Release */,
			);
			defaultConfigurationIsVisible = 0;
			defaultConfigurationName = Release;
		};
		84B3B39B269387D000B46D05 /* Build configuration list for PBXNativeTarget "FlowCoordinatorTest" */ = {
			isa = XCConfigurationList;
			buildConfigurations = (
				84B3B39C269387D000B46D05 /* Debug */,
				84B3B39D269387D000B46D05 /* Release */,
			);
			defaultConfigurationIsVisible = 0;
			defaultConfigurationName = Release;
		};
/* End XCConfigurationList section */
	};
	rootObject = 84B3B37F269387CF00B46D05 /* Project object */;
}
